<?xml version="1.0" encoding="utf-8"?>
<Project ToolsVersion="4.0" xmlns="http://schemas.microsoft.com/developer/msbuild/2003">
  <ItemGroup>
    <Filter Include="Source Files">
      <UniqueIdentifier>{4FC737F1-C7A5-4376-A066-2A32D752A2FF}</UniqueIdentifier>
      <Extensions>cpp;c;cc;cxx;def;odl;idl;hpj;bat;asm;asmx</Extensions>
    </Filter>
    <Filter Include="Resource Files">
      <UniqueIdentifier>{67DA6AB6-F800-4c08-8B7A-83BB121AAD01}</UniqueIdentifier>
      <Extensions>rc;ico;cur;bmp;dlg;rc2;rct;bin;rgs;gif;jpg;jpeg;jpe;resx;tiff;tif;png;wav;mfcribbon-ms</Extensions>
    </Filter>
    <Filter Include="Header Files">
      <UniqueIdentifier>{93995380-89BD-4b04-88EB-625FBE52EBFB}</UniqueIdentifier>
      <Extensions>h;hh;hpp;hxx;hm;inl;inc;xsd</Extensions>
    </Filter>
  </ItemGroup>
  <ItemGroup>
    <ClInclude Include="noaa_downloader.h">
      <Filter>Header Files</Filter>
    </ClInclude>
    <ClInclude Include="f4wx.h">
      <Filter>Header Files</Filter>
    </ClInclude>
    <ClInclude Include="fmap.h">
      <Filter>Header Files</Filter>
    </ClInclude>
    <ClInclude Include="config.h">
      <Filter>Header Files</Filter>
    </ClInclude>
    <ClInclude Include="types.h">
      <Filter>Header Files</Filter>
    </ClInclude>
    <ClInclude Include="grib_decoder.h">
      <Filter>Header Files</Filter>
    </ClInclude>
    <ClInclude Include="grib_converter.h">
      <Filter>Header Files</Filter>
    </ClInclude>
    <ClInclude Include="resource.h">
      <Filter>Header Files</Filter>
    </ClInclude>
    <ClInclude Include="f4wx_config.h">
      <Filter>Header Files</Filter>
    </ClInclude>
    <ClInclude Include="f4wx_preview.h">
      <Filter>Header Files</Filter>
    </ClInclude>
    <ClInclude Include="f4wx_update_notifier.h">
      <Filter>Header Files</Filter>
    </ClInclude>
    <ClInclude Include="dprint.h">
      <Filter>Header Files</Filter>
    </ClInclude>
    <ClInclude Include="f4wx_preview_window.h">
      <Filter>Header Files</Filter>
    </ClInclude>
    <ClInclude Include="units.h">
      <Filter>Header Files</Filter>
    </ClInclude>
  </ItemGroup>
  <ItemGroup>
    <ClCompile Include="noaa_downloader.cpp">
      <Filter>Source Files</Filter>
    </ClCompile>
    <ClCompile Include="main.cpp">
      <Filter>Source Files</Filter>
    </ClCompile>
    <ClCompile Include="f4wx.cpp">
      <Filter>Source Files</Filter>
    </ClCompile>
    <ClCompile Include="grib_decoder.cpp">
      <Filter>Source Files</Filter>
    </ClCompile>
    <ClCompile Include="grib_converter.cpp">
      <Filter>Source Files</Filter>
    </ClCompile>
    <ClCompile Include="f4wx_config.cpp">
      <Filter>Source Files</Filter>
    </ClCompile>
    <ClCompile Include="f4wx_preview.cpp">
      <Filter>Source Files</Filter>
    </ClCompile>
    <ClCompile Include="f4wx_update_notifier.cpp">
      <Filter>Source Files</Filter>
    </ClCompile>
    <ClCompile Include="dprint.c">
      <Filter>Source Files</Filter>
    </ClCompile>
    <ClCompile Include="f4wx_preview_window.cpp">
      <Filter>Source Files</Filter>
    </ClCompile>
  </ItemGroup>
  <ItemGroup>
    <Text Include="TODO.txt" />
    <Text Include="README.txt" />
  </ItemGroup>
  <ItemGroup>
    <ResourceCompile Include="resource.rc">
      <Filter>Resource Files</Filter>
    </ResourceCompile>
  </ItemGroup>
  <ItemGroup>
    <Image Include="f4wx.ico">
      <Filter>Resource Files</Filter>
    </Image>
    <Image Include="custom.png">
      <Filter>Resource Files</Filter>
    </Image>
    <Image Include="pause.ico">
      <Filter>Resource Files</Filter>
    </Image>
    <Image Include="play.ico">
      <Filter>Resource Files</Filter>
    </Image>
  </ItemGroup>
</Project>